
Microsoft Visual Studio Solution File, Format Version 12.00
# Visual Studio Version 17
VisualStudioVersion = 17.13.35919.96 d17.13
MinimumVisualStudioVersion = 10.0.40219.1
Project("{FAE04EC0-301F-11D3-BF4B-00C04F79EFBC}") = "WeatherStation", "WeatherStation.csproj", "{AF28542A-6222-444E-94A1-8C7BC0DF8DED}"
EndProject
Global
	GlobalSection(SolutionConfigurationPlatforms) = preSolution
		Debug|Any CPU = Debug|Any CPU
		Release|Any CPU = Release|Any CPU
	EndGlobalSection
	GlobalSection(ProjectConfigurationPlatforms) = postSolution
		{AF28542A-6222-444E-94A1-8C7BC0DF8DED}.Debug|Any CPU.ActiveCfg = Debug|Any CPU
		{AF28542A-6222-444E-94A1-8C7BC0DF8DED}.Debug|Any CPU.Build.0 = Debug|Any CPU
		{AF28542A-6222-444E-94A1-8C7BC0DF8DED}.Release|Any CPU.ActiveCfg = Release|Any CPU
		{AF28542A-6222-444E-94A1-8C7BC0DF8DED}.Release|Any CPU.Build.0 = Release|Any CPU
	EndGlobalSection
	GlobalSection(SolutionProperties) = preSolution
		HideSolutionNode = FALSE
	EndGlobalSection
	GlobalSection(ExtensibilityGlobals) = postSolution
		SolutionGuid = {723DDCA1-2D3F-4B98-ADF8-B233C4B18769}
	EndGlobalSection
EndGlobal
