
Microsoft Visual Studio Solution File, Format Version 12.00
# Visual Studio Version 17
VisualStudioVersion = 17.13.35825.156 d17.13
MinimumVisualStudioVersion = 10.0.40219.1
Project("{FAE04EC0-301F-11D3-BF4B-00C04F79EFBC}") = "FlightManager", "FlightManager.csproj", "{89F6E9AE-65D3-453E-8219-E0EC1A199D36}"
EndProject
Project("{FAE04EC0-301F-11D3-BF4B-00C04F79EFBC}") = "DataContex", "..\DataContex\DataContex.csproj", "{53342B3F-E431-478A-9E9F-2600C22F28D1}"
EndProject
Global
	GlobalSection(SolutionConfigurationPlatforms) = preSolution
		Debug|Any CPU = Debug|Any CPU
		Release|Any CPU = Release|Any CPU
	EndGlobalSection
	GlobalSection(ProjectConfigurationPlatforms) = postSolution
		{89F6E9AE-65D3-453E-8219-E0EC1A199D36}.Debug|Any CPU.ActiveCfg = Debug|Any CPU
		{89F6E9AE-65D3-453E-8219-E0EC1A199D36}.Debug|Any CPU.Build.0 = Debug|Any CPU
		{89F6E9AE-65D3-453E-8219-E0EC1A199D36}.Release|Any CPU.ActiveCfg = Release|Any CPU
		{89F6E9AE-65D3-453E-8219-E0EC1A199D36}.Release|Any CPU.Build.0 = Release|Any CPU
		{53342B3F-E431-478A-9E9F-2600C22F28D1}.Debug|Any CPU.ActiveCfg = Debug|Any CPU
		{53342B3F-E431-478A-9E9F-2600C22F28D1}.Debug|Any CPU.Build.0 = Debug|Any CPU
		{53342B3F-E431-478A-9E9F-2600C22F28D1}.Release|Any CPU.ActiveCfg = Release|Any CPU
		{53342B3F-E431-478A-9E9F-2600C22F28D1}.Release|Any CPU.Build.0 = Release|Any CPU
	EndGlobalSection
	GlobalSection(SolutionProperties) = preSolution
		HideSolutionNode = FALSE
	EndGlobalSection
	GlobalSection(ExtensibilityGlobals) = postSolution
		SolutionGuid = {CA41C8B2-86E4-47E3-BAFD-F3326978766E}
	EndGlobalSection
EndGlobal
