
Microsoft Visual Studio Solution File, Format Version 12.00
# Visual Studio Version 17
VisualStudioVersion = 17.13.35825.156
MinimumVisualStudioVersion = 10.0.40219.1
Project("{FAE04EC0-301F-11D3-BF4B-00C04F79EFBC}") = "BookingFlight", "BookingFlight.csproj", "{F45A94A4-CDCE-49F5-B290-02AC72AE942E}"
EndProject
Project("{FAE04EC0-301F-11D3-BF4B-00C04F79EFBC}") = "DataContext", "..\DataContext\DataContext.csproj", "{ADB73666-FCBE-41CE-BC14-45D6054A0FD0}"
EndProject
Global
	GlobalSection(SolutionConfigurationPlatforms) = preSolution
		Debug|Any CPU = Debug|Any CPU
		Release|Any CPU = Release|Any CPU
	EndGlobalSection
	GlobalSection(ProjectConfigurationPlatforms) = postSolution
		{F45A94A4-CDCE-49F5-B290-02AC72AE942E}.Debug|Any CPU.ActiveCfg = Debug|Any CPU
		{F45A94A4-CDCE-49F5-B290-02AC72AE942E}.Debug|Any CPU.Build.0 = Debug|Any CPU
		{F45A94A4-CDCE-49F5-B290-02AC72AE942E}.Release|Any CPU.ActiveCfg = Release|Any CPU
		{F45A94A4-CDCE-49F5-B290-02AC72AE942E}.Release|Any CPU.Build.0 = Release|Any CPU
		{ADB73666-FCBE-41CE-BC14-45D6054A0FD0}.Debug|Any CPU.ActiveCfg = Debug|Any CPU
		{ADB73666-FCBE-41CE-BC14-45D6054A0FD0}.Debug|Any CPU.Build.0 = Debug|Any CPU
		{ADB73666-FCBE-41CE-BC14-45D6054A0FD0}.Release|Any CPU.ActiveCfg = Release|Any CPU
		{ADB73666-FCBE-41CE-BC14-45D6054A0FD0}.Release|Any CPU.Build.0 = Release|Any CPU
	EndGlobalSection
	GlobalSection(SolutionProperties) = preSolution
		HideSolutionNode = FALSE
	EndGlobalSection
	GlobalSection(ExtensibilityGlobals) = postSolution
		SolutionGuid = {0B9B5E2A-1287-4F79-8A0A-B00006ED4A38}
	EndGlobalSection
EndGlobal
